<?xml version="1.0" encoding="utf-8"?>
<Project ToolsVersion="4.0" xmlns="http://schemas.microsoft.com/developer/msbuild/2003">
  <ItemGroup>
    <Filter Include="源文件">
      <UniqueIdentifier>{4FC737F1-C7A5-4376-A066-2A32D752A2FF}</UniqueIdentifier>
      <Extensions>cpp;c;cc;cxx;def;odl;idl;hpj;bat;asm;asmx</Extensions>
    </Filter>
    <Filter Include="头文件">
      <UniqueIdentifier>{93995380-89BD-4b04-88EB-625FBE52EBFB}</UniqueIdentifier>
      <Extensions>h;hpp;hxx;hm;inl;inc;xsd</Extensions>
    </Filter>
    <Filter Include="资源文件">
      <UniqueIdentifier>{67DA6AB6-F800-4c08-8B7A-83BB121AAD01}</UniqueIdentifier>
      <Extensions>rc;ico;cur;bmp;dlg;rc2;rct;bin;rgs;gif;jpg;jpeg;jpe;resx;tiff;tif;png;wav</Extensions>
    </Filter>
    <Filter Include="UI">
      <UniqueIdentifier>{81ef131e-8e5f-4102-8788-bc40643ebf28}</UniqueIdentifier>
    </Filter>
    <Filter Include="Kernel">
      <UniqueIdentifier>{03d7de75-db4a-4acc-9321-10b9b7b06f34}</UniqueIdentifier>
    </Filter>
    <Filter Include="Kernel\Search">
      <UniqueIdentifier>{d8faa1e5-9203-4511-ab25-79f87be96ba5}</UniqueIdentifier>
    </Filter>
    <Filter Include="UI\web analysis">
      <UniqueIdentifier>{10349298-ba9c-4039-ae31-e5df86cb48cf}</UniqueIdentifier>
    </Filter>
    <Filter Include="UI\Views">
      <UniqueIdentifier>{0f16fdaf-4af1-4d72-b4b6-df8c91c30948}</UniqueIdentifier>
    </Filter>
  </ItemGroup>
  <ItemGroup>
    <ClCompile Include="ChildFrm.cpp">
      <Filter>源文件</Filter>
    </ClCompile>
    <ClCompile Include="MainFrm.cpp">
      <Filter>源文件</Filter>
    </ClCompile>
    <ClCompile Include="MemoryAnalysis.cpp">
      <Filter>源文件</Filter>
    </ClCompile>
    <ClCompile Include="MemoryAnalysisDoc.cpp">
      <Filter>源文件</Filter>
    </ClCompile>
    <ClCompile Include="MemoryAnalysisView.cpp">
      <Filter>源文件</Filter>
    </ClCompile>
    <ClCompile Include="stdafx.cpp">
      <Filter>源文件</Filter>
    </ClCompile>
    <ClCompile Include="UI\ProgressDlg.cpp">
      <Filter>UI</Filter>
    </ClCompile>
    <ClCompile Include="UI\ResultProcess.cpp">
      <Filter>UI</Filter>
    </ClCompile>
    <ClCompile Include="UI\SearchKeywords.cpp">
      <Filter>UI</Filter>
    </ClCompile>
    <ClCompile Include="Kernel\MemInfoExtraction.cpp">
      <Filter>Kernel</Filter>
    </ClCompile>
    <ClCompile Include="Kernel\MemoryManagement.cpp">
      <Filter>Kernel</Filter>
    </ClCompile>
    <ClCompile Include="Kernel\Search\CharacterSetCode.cpp">
      <Filter>Kernel\Search</Filter>
    </ClCompile>
    <ClCompile Include="Kernel\Search\CodeTranster.cpp">
      <Filter>Kernel\Search</Filter>
    </ClCompile>
    <ClCompile Include="Kernel\Search\Search.cpp">
      <Filter>Kernel\Search</Filter>
    </ClCompile>
    <ClCompile Include="UI\Views\LeftView.cpp">
      <Filter>UI\Views</Filter>
    </ClCompile>
    <ClCompile Include="UI\Views\RightDownView.cpp">
      <Filter>UI\Views</Filter>
    </ClCompile>
    <ClCompile Include="UI\Views\RightUpView.cpp">
      <Filter>UI\Views</Filter>
    </ClCompile>
    <ClCompile Include="UI\web analysis\DialogWebAnalysis.cpp">
      <Filter>UI\web analysis</Filter>
    </ClCompile>
    <ClCompile Include="DialogUtf8Test.cpp">
      <Filter>源文件</Filter>
    </ClCompile>
  </ItemGroup>
  <ItemGroup>
    <ClInclude Include="ChildFrm.h">
      <Filter>头文件</Filter>
    </ClInclude>
    <ClInclude Include="MainFrm.h">
      <Filter>头文件</Filter>
    </ClInclude>
    <ClInclude Include="MemoryAnalysis.h">
      <Filter>头文件</Filter>
    </ClInclude>
    <ClInclude Include="MemoryAnalysisDoc.h">
      <Filter>头文件</Filter>
    </ClInclude>
    <ClInclude Include="MemoryAnalysisView.h">
      <Filter>头文件</Filter>
    </ClInclude>
    <ClInclude Include="Resource.h">
      <Filter>头文件</Filter>
    </ClInclude>
    <ClInclude Include="stdafx.h">
      <Filter>头文件</Filter>
    </ClInclude>
    <ClInclude Include="UI\ProgressDlg.h">
      <Filter>UI</Filter>
    </ClInclude>
    <ClInclude Include="UI\ResultProcess.h">
      <Filter>UI</Filter>
    </ClInclude>
    <ClInclude Include="UI\SearchKeywords.h">
      <Filter>UI</Filter>
    </ClInclude>
    <ClInclude Include="Kernel\MemInfoExtraction.h">
      <Filter>Kernel</Filter>
    </ClInclude>
    <ClInclude Include="Kernel\MemoryManagement.h">
      <Filter>Kernel</Filter>
    </ClInclude>
    <ClInclude Include="Kernel\Search\CharacterSetCode.h">
      <Filter>Kernel\Search</Filter>
    </ClInclude>
    <ClInclude Include="Kernel\Search\CodeTranster.h">
      <Filter>Kernel\Search</Filter>
    </ClInclude>
    <ClInclude Include="Kernel\Search\Search.h">
      <Filter>Kernel\Search</Filter>
    </ClInclude>
    <ClInclude Include="Kernel\Process.h">
      <Filter>Kernel</Filter>
    </ClInclude>
    <ClInclude Include="UI\Views\RightUpView.h">
      <Filter>UI\Views</Filter>
    </ClInclude>
    <ClInclude Include="UI\Views\LeftView.h">
      <Filter>UI\Views</Filter>
    </ClInclude>
    <ClInclude Include="UI\Views\RightDownView.h">
      <Filter>UI\Views</Filter>
    </ClInclude>
    <ClInclude Include="UI\web analysis\DialogWebAnalysis.h">
      <Filter>UI\web analysis</Filter>
    </ClInclude>
    <ClInclude Include="DialogUtf8Test.h">
      <Filter>头文件</Filter>
    </ClInclude>
    <ClInclude Include="Kernel\Search\deelx.h">
      <Filter>Kernel\Search</Filter>
    </ClInclude>
  </ItemGroup>
  <ItemGroup>
    <None Include="res\MemoryAnalysis.ico">
      <Filter>资源文件</Filter>
    </None>
    <None Include="res\MemoryAnalysis.rc2">
      <Filter>资源文件</Filter>
    </None>
    <None Include="res\MemoryAnalysisDoc.ico">
      <Filter>资源文件</Filter>
    </None>
    <None Include="res\Toolbar.bmp">
      <Filter>资源文件</Filter>
    </None>
    <None Include="ReadMe.txt" />
    <None Include="..\说明.txt" />
    <None Include="..\change-logs.txt" />
  </ItemGroup>
  <ItemGroup>
    <ResourceCompile Include="MemoryAnalysis.rc">
      <Filter>资源文件</Filter>
    </ResourceCompile>
  </ItemGroup>
</Project>